
Microsoft Visual Studio Solution File, Format Version 12.00
# Visual Studio Version 17
VisualStudioVersion = 17.11.35222.181
MinimumVisualStudioVersion = 10.0.40219.1
Project("{FAE04EC0-301F-11D3-BF4B-00C04F79EFBC}") = "auto", "auto.csproj", "{F49843BC-F839-4C39-9703-C50A27B8318E}"
EndProject
Global
	GlobalSection(SolutionConfigurationPlatforms) = preSolution
		Debug|Any CPU = Debug|Any CPU
		Release|Any CPU = Release|Any CPU
	EndGlobalSection
	GlobalSection(ProjectConfigurationPlatforms) = postSolution
		{F49843BC-F839-4C39-9703-C50A27B8318E}.Debug|Any CPU.ActiveCfg = Debug|Any CPU
		{F49843BC-F839-4C39-9703-C50A27B8318E}.Debug|Any CPU.Build.0 = Debug|Any CPU
		{F49843BC-F839-4C39-9703-C50A27B8318E}.Release|Any CPU.ActiveCfg = Release|Any CPU
		{F49843BC-F839-4C39-9703-C50A27B8318E}.Release|Any CPU.Build.0 = Release|Any CPU
	EndGlobalSection
	GlobalSection(SolutionProperties) = preSolution
		HideSolutionNode = FALSE
	EndGlobalSection
	GlobalSection(ExtensibilityGlobals) = postSolution
		SolutionGuid = {492777CA-9124-4667-8EFD-9D6C5BD004F6}
	EndGlobalSection
EndGlobal
